
Microsoft Visual Studio Solution File, Format Version 12.00
# Visual Studio 15
VisualStudioVersion = 15.0.28307.489
MinimumVisualStudioVersion = 10.0.40219.1
Project("{FAE04EC0-301F-11D3-BF4B-00C04F79EFBC}") = "Sales.Android", "Sales\Sales.Android\Sales.Android.csproj", "{A7FBF5BC-0E3E-4F98-BF40-D7FE640F0430}"
EndProject
Project("{FAE04EC0-301F-11D3-BF4B-00C04F79EFBC}") = "Sales.iOS", "Sales\Sales.iOS\Sales.iOS.csproj", "{00466857-5F92-42A8-802F-F03D54925580}"
EndProject
Project("{9A19103F-16F7-4668-BE54-9A1E7A4F7556}") = "Sales", "Sales\Sales\Sales.csproj", "{E9084DD0-2065-485C-AA73-BF8580023189}"
EndProject
Project("{FAE04EC0-301F-11D3-BF4B-00C04F79EFBC}") = "Sales.Backend", "Sales.Backend\Sales.Backend.csproj", "{C1B71F08-9560-4C04-815F-140917695ECE}"
EndProject
Project("{FAE04EC0-301F-11D3-BF4B-00C04F79EFBC}") = "Sales.API", "Sales.API\Sales.API.csproj", "{BF056818-A4C5-46E9-ADA6-6B55C631BA88}"
EndProject
Project("{FAE04EC0-301F-11D3-BF4B-00C04F79EFBC}") = "Sales.Domain", "Sales.Domain\Sales.Domain.csproj", "{55B800F0-CA58-48ED-80F5-C87CA7F63346}"
EndProject
Project("{FAE04EC0-301F-11D3-BF4B-00C04F79EFBC}") = "Sales.Common", "Sales.Common\Sales.Common.csproj", "{26DABD96-0C04-4EAC-A59C-08AD59F6D9A2}"
EndProject
Global
	GlobalSection(SolutionConfigurationPlatforms) = preSolution
		Ad-Hoc|Any CPU = Ad-Hoc|Any CPU
		Ad-Hoc|iPhone = Ad-Hoc|iPhone
		Ad-Hoc|iPhoneSimulator = Ad-Hoc|iPhoneSimulator
		AppStore|Any CPU = AppStore|Any CPU
		AppStore|iPhone = AppStore|iPhone
		AppStore|iPhoneSimulator = AppStore|iPhoneSimulator
		Debug|Any CPU = Debug|Any CPU
		Debug|iPhone = Debug|iPhone
		Debug|iPhoneSimulator = Debug|iPhoneSimulator
		Release|Any CPU = Release|Any CPU
		Release|iPhone = Release|iPhone
		Release|iPhoneSimulator = Release|iPhoneSimulator
	EndGlobalSection
	GlobalSection(ProjectConfigurationPlatforms) = postSolution
		{A7FBF5BC-0E3E-4F98-BF40-D7FE640F0430}.Ad-Hoc|Any CPU.ActiveCfg = Release|Any CPU
		{A7FBF5BC-0E3E-4F98-BF40-D7FE640F0430}.Ad-Hoc|Any CPU.Build.0 = Release|Any CPU
		{A7FBF5BC-0E3E-4F98-BF40-D7FE640F0430}.Ad-Hoc|Any CPU.Deploy.0 = Release|Any CPU
		{A7FBF5BC-0E3E-4F98-BF40-D7FE640F0430}.Ad-Hoc|iPhone.ActiveCfg = Release|Any CPU
		{A7FBF5BC-0E3E-4F98-BF40-D7FE640F0430}.Ad-Hoc|iPhone.Build.0 = Release|Any CPU
		{A7FBF5BC-0E3E-4F98-BF40-D7FE640F0430}.Ad-Hoc|iPhone.Deploy.0 = Release|Any CPU
		{A7FBF5BC-0E3E-4F98-BF40-D7FE640F0430}.Ad-Hoc|iPhoneSimulator.ActiveCfg = Release|Any CPU
		{A7FBF5BC-0E3E-4F98-BF40-D7FE640F0430}.Ad-Hoc|iPhoneSimulator.Build.0 = Release|Any CPU
		{A7FBF5BC-0E3E-4F98-BF40-D7FE640F0430}.Ad-Hoc|iPhoneSimulator.Deploy.0 = Release|Any CPU
		{A7FBF5BC-0E3E-4F98-BF40-D7FE640F0430}.AppStore|Any CPU.ActiveCfg = Release|Any CPU
		{A7FBF5BC-0E3E-4F98-BF40-D7FE640F0430}.AppStore|Any CPU.Build.0 = Release|Any CPU
		{A7FBF5BC-0E3E-4F98-BF40-D7FE640F0430}.AppStore|Any CPU.Deploy.0 = Release|Any CPU
		{A7FBF5BC-0E3E-4F98-BF40-D7FE640F0430}.AppStore|iPhone.ActiveCfg = Release|Any CPU
		{A7FBF5BC-0E3E-4F98-BF40-D7FE640F0430}.AppStore|iPhone.Build.0 = Release|Any CPU
		{A7FBF5BC-0E3E-4F98-BF40-D7FE640F0430}.AppStore|iPhone.Deploy.0 = Release|Any CPU
		{A7FBF5BC-0E3E-4F98-BF40-D7FE640F0430}.AppStore|iPhoneSimulator.ActiveCfg = Release|Any CPU
		{A7FBF5BC-0E3E-4F98-BF40-D7FE640F0430}.AppStore|iPhoneSimulator.Build.0 = Release|Any CPU
		{A7FBF5BC-0E3E-4F98-BF40-D7FE640F0430}.AppStore|iPhoneSimulator.Deploy.0 = Release|Any CPU
		{A7FBF5BC-0E3E-4F98-BF40-D7FE640F0430}.Debug|Any CPU.ActiveCfg = Debug|Any CPU
		{A7FBF5BC-0E3E-4F98-BF40-D7FE640F0430}.Debug|Any CPU.Build.0 = Debug|Any CPU
		{A7FBF5BC-0E3E-4F98-BF40-D7FE640F0430}.Debug|Any CPU.Deploy.0 = Debug|Any CPU
		{A7FBF5BC-0E3E-4F98-BF40-D7FE640F0430}.Debug|iPhone.ActiveCfg = Debug|Any CPU
		{A7FBF5BC-0E3E-4F98-BF40-D7FE640F0430}.Debug|iPhone.Build.0 = Debug|Any CPU
		{A7FBF5BC-0E3E-4F98-BF40-D7FE640F0430}.Debug|iPhone.Deploy.0 = Debug|Any CPU
		{A7FBF5BC-0E3E-4F98-BF40-D7FE640F0430}.Debug|iPhoneSimulator.ActiveCfg = Debug|Any CPU
		{A7FBF5BC-0E3E-4F98-BF40-D7FE640F0430}.Debug|iPhoneSimulator.Build.0 = Debug|Any CPU
		{A7FBF5BC-0E3E-4F98-BF40-D7FE640F0430}.Debug|iPhoneSimulator.Deploy.0 = Debug|Any CPU
		{A7FBF5BC-0E3E-4F98-BF40-D7FE640F0430}.Release|Any CPU.ActiveCfg = Release|Any CPU
		{A7FBF5BC-0E3E-4F98-BF40-D7FE640F0430}.Release|Any CPU.Build.0 = Release|Any CPU
		{A7FBF5BC-0E3E-4F98-BF40-D7FE640F0430}.Release|Any CPU.Deploy.0 = Release|Any CPU
		{A7FBF5BC-0E3E-4F98-BF40-D7FE640F0430}.Release|iPhone.ActiveCfg = Release|Any CPU
		{A7FBF5BC-0E3E-4F98-BF40-D7FE640F0430}.Release|iPhone.Build.0 = Release|Any CPU
		{A7FBF5BC-0E3E-4F98-BF40-D7FE640F0430}.Release|iPhone.Deploy.0 = Release|Any CPU
		{A7FBF5BC-0E3E-4F98-BF40-D7FE640F0430}.Release|iPhoneSimulator.ActiveCfg = Release|Any CPU
		{A7FBF5BC-0E3E-4F98-BF40-D7FE640F0430}.Release|iPhoneSimulator.Build.0 = Release|Any CPU
		{A7FBF5BC-0E3E-4F98-BF40-D7FE640F0430}.Release|iPhoneSimulator.Deploy.0 = Release|Any CPU
		{00466857-5F92-42A8-802F-F03D54925580}.Ad-Hoc|Any CPU.ActiveCfg = Ad-Hoc|iPhone
		{00466857-5F92-42A8-802F-F03D54925580}.Ad-Hoc|Any CPU.Build.0 = Ad-Hoc|iPhone
		{00466857-5F92-42A8-802F-F03D54925580}.Ad-Hoc|Any CPU.Deploy.0 = Ad-Hoc|iPhone
		{00466857-5F92-42A8-802F-F03D54925580}.Ad-Hoc|iPhone.ActiveCfg = Ad-Hoc|iPhone
		{00466857-5F92-42A8-802F-F03D54925580}.Ad-Hoc|iPhone.Build.0 = Ad-Hoc|iPhone
		{00466857-5F92-42A8-802F-F03D54925580}.Ad-Hoc|iPhone.Deploy.0 = Ad-Hoc|iPhone
		{00466857-5F92-42A8-802F-F03D54925580}.Ad-Hoc|iPhoneSimulator.ActiveCfg = Ad-Hoc|iPhoneSimulator
		{00466857-5F92-42A8-802F-F03D54925580}.Ad-Hoc|iPhoneSimulator.Build.0 = Ad-Hoc|iPhoneSimulator
		{00466857-5F92-42A8-802F-F03D54925580}.Ad-Hoc|iPhoneSimulator.Deploy.0 = Ad-Hoc|iPhoneSimulator
		{00466857-5F92-42A8-802F-F03D54925580}.AppStore|Any CPU.ActiveCfg = AppStore|iPhone
		{00466857-5F92-42A8-802F-F03D54925580}.AppStore|Any CPU.Build.0 = AppStore|iPhone
		{00466857-5F92-42A8-802F-F03D54925580}.AppStore|Any CPU.Deploy.0 = AppStore|iPhone
		{00466857-5F92-42A8-802F-F03D54925580}.AppStore|iPhone.ActiveCfg = AppStore|iPhone
		{00466857-5F92-42A8-802F-F03D54925580}.AppStore|iPhone.Build.0 = AppStore|iPhone
		{00466857-5F92-42A8-802F-F03D54925580}.AppStore|iPhone.Deploy.0 = AppStore|iPhone
		{00466857-5F92-42A8-802F-F03D54925580}.AppStore|iPhoneSimulator.ActiveCfg = AppStore|iPhoneSimulator
		{00466857-5F92-42A8-802F-F03D54925580}.AppStore|iPhoneSimulator.Build.0 = AppStore|iPhoneSimulator
		{00466857-5F92-42A8-802F-F03D54925580}.AppStore|iPhoneSimulator.Deploy.0 = AppStore|iPhoneSimulator
		{00466857-5F92-42A8-802F-F03D54925580}.Debug|Any CPU.ActiveCfg = Debug|iPhoneSimulator
		{00466857-5F92-42A8-802F-F03D54925580}.Debug|Any CPU.Build.0 = Debug|iPhoneSimulator
		{00466857-5F92-42A8-802F-F03D54925580}.Debug|Any CPU.Deploy.0 = Debug|iPhoneSimulator
		{00466857-5F92-42A8-802F-F03D54925580}.Debug|iPhone.ActiveCfg = Debug|iPhone
		{00466857-5F92-42A8-802F-F03D54925580}.Debug|iPhone.Build.0 = Debug|iPhone
		{00466857-5F92-42A8-802F-F03D54925580}.Debug|iPhone.Deploy.0 = Debug|iPhone
		{00466857-5F92-42A8-802F-F03D54925580}.Debug|iPhoneSimulator.ActiveCfg = Debug|iPhoneSimulator
		{00466857-5F92-42A8-802F-F03D54925580}.Debug|iPhoneSimulator.Build.0 = Debug|iPhoneSimulator
		{00466857-5F92-42A8-802F-F03D54925580}.Debug|iPhoneSimulator.Deploy.0 = Debug|iPhoneSimulator
		{00466857-5F92-42A8-802F-F03D54925580}.Release|Any CPU.ActiveCfg = Release|iPhone
		{00466857-5F92-42A8-802F-F03D54925580}.Release|Any CPU.Build.0 = Release|iPhone
		{00466857-5F92-42A8-802F-F03D54925580}.Release|Any CPU.Deploy.0 = Release|iPhone
		{00466857-5F92-42A8-802F-F03D54925580}.Release|iPhone.ActiveCfg = Release|iPhone
		{00466857-5F92-42A8-802F-F03D54925580}.Release|iPhone.Build.0 = Release|iPhone
		{00466857-5F92-42A8-802F-F03D54925580}.Release|iPhone.Deploy.0 = Release|iPhone
		{00466857-5F92-42A8-802F-F03D54925580}.Release|iPhoneSimulator.ActiveCfg = Release|iPhoneSimulator
		{00466857-5F92-42A8-802F-F03D54925580}.Release|iPhoneSimulator.Build.0 = Release|iPhoneSimulator
		{00466857-5F92-42A8-802F-F03D54925580}.Release|iPhoneSimulator.Deploy.0 = Release|iPhoneSimulator
		{E9084DD0-2065-485C-AA73-BF8580023189}.Ad-Hoc|Any CPU.ActiveCfg = Debug|Any CPU
		{E9084DD0-2065-485C-AA73-BF8580023189}.Ad-Hoc|Any CPU.Build.0 = Debug|Any CPU
		{E9084DD0-2065-485C-AA73-BF8580023189}.Ad-Hoc|Any CPU.Deploy.0 = Debug|Any CPU
		{E9084DD0-2065-485C-AA73-BF8580023189}.Ad-Hoc|iPhone.ActiveCfg = Debug|Any CPU
		{E9084DD0-2065-485C-AA73-BF8580023189}.Ad-Hoc|iPhone.Build.0 = Debug|Any CPU
		{E9084DD0-2065-485C-AA73-BF8580023189}.Ad-Hoc|iPhone.Deploy.0 = Debug|Any CPU
		{E9084DD0-2065-485C-AA73-BF8580023189}.Ad-Hoc|iPhoneSimulator.ActiveCfg = Debug|Any CPU
		{E9084DD0-2065-485C-AA73-BF8580023189}.Ad-Hoc|iPhoneSimulator.Build.0 = Debug|Any CPU
		{E9084DD0-2065-485C-AA73-BF8580023189}.Ad-Hoc|iPhoneSimulator.Deploy.0 = Debug|Any CPU
		{E9084DD0-2065-485C-AA73-BF8580023189}.AppStore|Any CPU.ActiveCfg = Debug|Any CPU
		{E9084DD0-2065-485C-AA73-BF8580023189}.AppStore|Any CPU.Build.0 = Debug|Any CPU
		{E9084DD0-2065-485C-AA73-BF8580023189}.AppStore|Any CPU.Deploy.0 = Debug|Any CPU
		{E9084DD0-2065-485C-AA73-BF8580023189}.AppStore|iPhone.ActiveCfg = Debug|Any CPU
		{E9084DD0-2065-485C-AA73-BF8580023189}.AppStore|iPhone.Build.0 = Debug|Any CPU
		{E9084DD0-2065-485C-AA73-BF8580023189}.AppStore|iPhone.Deploy.0 = Debug|Any CPU
		{E9084DD0-2065-485C-AA73-BF8580023189}.AppStore|iPhoneSimulator.ActiveCfg = Debug|Any CPU
		{E9084DD0-2065-485C-AA73-BF8580023189}.AppStore|iPhoneSimulator.Build.0 = Debug|Any CPU
		{E9084DD0-2065-485C-AA73-BF8580023189}.AppStore|iPhoneSimulator.Deploy.0 = Debug|Any CPU
		{E9084DD0-2065-485C-AA73-BF8580023189}.Debug|Any CPU.ActiveCfg = Debug|Any CPU
		{E9084DD0-2065-485C-AA73-BF8580023189}.Debug|Any CPU.Build.0 = Debug|Any CPU
		{E9084DD0-2065-485C-AA73-BF8580023189}.Debug|Any CPU.Deploy.0 = Debug|Any CPU
		{E9084DD0-2065-485C-AA73-BF8580023189}.Debug|iPhone.ActiveCfg = Debug|Any CPU
		{E9084DD0-2065-485C-AA73-BF8580023189}.Debug|iPhone.Build.0 = Debug|Any CPU
		{E9084DD0-2065-485C-AA73-BF8580023189}.Debug|iPhone.Deploy.0 = Debug|Any CPU
		{E9084DD0-2065-485C-AA73-BF8580023189}.Debug|iPhoneSimulator.ActiveCfg = Debug|Any CPU
		{E9084DD0-2065-485C-AA73-BF8580023189}.Debug|iPhoneSimulator.Build.0 = Debug|Any CPU
		{E9084DD0-2065-485C-AA73-BF8580023189}.Debug|iPhoneSimulator.Deploy.0 = Debug|Any CPU
		{E9084DD0-2065-485C-AA73-BF8580023189}.Release|Any CPU.ActiveCfg = Release|Any CPU
		{E9084DD0-2065-485C-AA73-BF8580023189}.Release|Any CPU.Build.0 = Release|Any CPU
		{E9084DD0-2065-485C-AA73-BF8580023189}.Release|Any CPU.Deploy.0 = Release|Any CPU
		{E9084DD0-2065-485C-AA73-BF8580023189}.Release|iPhone.ActiveCfg = Release|Any CPU
		{E9084DD0-2065-485C-AA73-BF8580023189}.Release|iPhone.Build.0 = Release|Any CPU
		{E9084DD0-2065-485C-AA73-BF8580023189}.Release|iPhone.Deploy.0 = Release|Any CPU
		{E9084DD0-2065-485C-AA73-BF8580023189}.Release|iPhoneSimulator.ActiveCfg = Release|Any CPU
		{E9084DD0-2065-485C-AA73-BF8580023189}.Release|iPhoneSimulator.Build.0 = Release|Any CPU
		{E9084DD0-2065-485C-AA73-BF8580023189}.Release|iPhoneSimulator.Deploy.0 = Release|Any CPU
		{C1B71F08-9560-4C04-815F-140917695ECE}.Ad-Hoc|Any CPU.ActiveCfg = Release|Any CPU
		{C1B71F08-9560-4C04-815F-140917695ECE}.Ad-Hoc|Any CPU.Build.0 = Release|Any CPU
		{C1B71F08-9560-4C04-815F-140917695ECE}.Ad-Hoc|iPhone.ActiveCfg = Release|Any CPU
		{C1B71F08-9560-4C04-815F-140917695ECE}.Ad-Hoc|iPhone.Build.0 = Release|Any CPU
		{C1B71F08-9560-4C04-815F-140917695ECE}.Ad-Hoc|iPhoneSimulator.ActiveCfg = Release|Any CPU
		{C1B71F08-9560-4C04-815F-140917695ECE}.Ad-Hoc|iPhoneSimulator.Build.0 = Release|Any CPU
		{C1B71F08-9560-4C04-815F-140917695ECE}.AppStore|Any CPU.ActiveCfg = Release|Any CPU
		{C1B71F08-9560-4C04-815F-140917695ECE}.AppStore|Any CPU.Build.0 = Release|Any CPU
		{C1B71F08-9560-4C04-815F-140917695ECE}.AppStore|iPhone.ActiveCfg = Release|Any CPU
		{C1B71F08-9560-4C04-815F-140917695ECE}.AppStore|iPhone.Build.0 = Release|Any CPU
		{C1B71F08-9560-4C04-815F-140917695ECE}.AppStore|iPhoneSimulator.ActiveCfg = Release|Any CPU
		{C1B71F08-9560-4C04-815F-140917695ECE}.AppStore|iPhoneSimulator.Build.0 = Release|Any CPU
		{C1B71F08-9560-4C04-815F-140917695ECE}.Debug|Any CPU.ActiveCfg = Debug|Any CPU
		{C1B71F08-9560-4C04-815F-140917695ECE}.Debug|Any CPU.Build.0 = Debug|Any CPU
		{C1B71F08-9560-4C04-815F-140917695ECE}.Debug|iPhone.ActiveCfg = Debug|Any CPU
		{C1B71F08-9560-4C04-815F-140917695ECE}.Debug|iPhone.Build.0 = Debug|Any CPU
		{C1B71F08-9560-4C04-815F-140917695ECE}.Debug|iPhoneSimulator.ActiveCfg = Debug|Any CPU
		{C1B71F08-9560-4C04-815F-140917695ECE}.Debug|iPhoneSimulator.Build.0 = Debug|Any CPU
		{C1B71F08-9560-4C04-815F-140917695ECE}.Release|Any CPU.ActiveCfg = Release|Any CPU
		{C1B71F08-9560-4C04-815F-140917695ECE}.Release|Any CPU.Build.0 = Release|Any CPU
		{C1B71F08-9560-4C04-815F-140917695ECE}.Release|iPhone.ActiveCfg = Release|Any CPU
		{C1B71F08-9560-4C04-815F-140917695ECE}.Release|iPhone.Build.0 = Release|Any CPU
		{C1B71F08-9560-4C04-815F-140917695ECE}.Release|iPhoneSimulator.ActiveCfg = Release|Any CPU
		{C1B71F08-9560-4C04-815F-140917695ECE}.Release|iPhoneSimulator.Build.0 = Release|Any CPU
		{BF056818-A4C5-46E9-ADA6-6B55C631BA88}.Ad-Hoc|Any CPU.ActiveCfg = Release|Any CPU
		{BF056818-A4C5-46E9-ADA6-6B55C631BA88}.Ad-Hoc|Any CPU.Build.0 = Release|Any CPU
		{BF056818-A4C5-46E9-ADA6-6B55C631BA88}.Ad-Hoc|iPhone.ActiveCfg = Release|Any CPU
		{BF056818-A4C5-46E9-ADA6-6B55C631BA88}.Ad-Hoc|iPhone.Build.0 = Release|Any CPU
		{BF056818-A4C5-46E9-ADA6-6B55C631BA88}.Ad-Hoc|iPhoneSimulator.ActiveCfg = Release|Any CPU
		{BF056818-A4C5-46E9-ADA6-6B55C631BA88}.Ad-Hoc|iPhoneSimulator.Build.0 = Release|Any CPU
		{BF056818-A4C5-46E9-ADA6-6B55C631BA88}.AppStore|Any CPU.ActiveCfg = Release|Any CPU
		{BF056818-A4C5-46E9-ADA6-6B55C631BA88}.AppStore|Any CPU.Build.0 = Release|Any CPU
		{BF056818-A4C5-46E9-ADA6-6B55C631BA88}.AppStore|iPhone.ActiveCfg = Release|Any CPU
		{BF056818-A4C5-46E9-ADA6-6B55C631BA88}.AppStore|iPhone.Build.0 = Release|Any CPU
		{BF056818-A4C5-46E9-ADA6-6B55C631BA88}.AppStore|iPhoneSimulator.ActiveCfg = Release|Any CPU
		{BF056818-A4C5-46E9-ADA6-6B55C631BA88}.AppStore|iPhoneSimulator.Build.0 = Release|Any CPU
		{BF056818-A4C5-46E9-ADA6-6B55C631BA88}.Debug|Any CPU.ActiveCfg = Debug|Any CPU
		{BF056818-A4C5-46E9-ADA6-6B55C631BA88}.Debug|Any CPU.Build.0 = Debug|Any CPU
		{BF056818-A4C5-46E9-ADA6-6B55C631BA88}.Debug|iPhone.ActiveCfg = Debug|Any CPU
		{BF056818-A4C5-46E9-ADA6-6B55C631BA88}.Debug|iPhone.Build.0 = Debug|Any CPU
		{BF056818-A4C5-46E9-ADA6-6B55C631BA88}.Debug|iPhoneSimulator.ActiveCfg = Debug|Any CPU
		{BF056818-A4C5-46E9-ADA6-6B55C631BA88}.Debug|iPhoneSimulator.Build.0 = Debug|Any CPU
		{BF056818-A4C5-46E9-ADA6-6B55C631BA88}.Release|Any CPU.ActiveCfg = Release|Any CPU
		{BF056818-A4C5-46E9-ADA6-6B55C631BA88}.Release|Any CPU.Build.0 = Release|Any CPU
		{BF056818-A4C5-46E9-ADA6-6B55C631BA88}.Release|iPhone.ActiveCfg = Release|Any CPU
		{BF056818-A4C5-46E9-ADA6-6B55C631BA88}.Release|iPhone.Build.0 = Release|Any CPU
		{BF056818-A4C5-46E9-ADA6-6B55C631BA88}.Release|iPhoneSimulator.ActiveCfg = Release|Any CPU
		{BF056818-A4C5-46E9-ADA6-6B55C631BA88}.Release|iPhoneSimulator.Build.0 = Release|Any CPU
		{55B800F0-CA58-48ED-80F5-C87CA7F63346}.Ad-Hoc|Any CPU.ActiveCfg = Release|Any CPU
		{55B800F0-CA58-48ED-80F5-C87CA7F63346}.Ad-Hoc|Any CPU.Build.0 = Release|Any CPU
		{55B800F0-CA58-48ED-80F5-C87CA7F63346}.Ad-Hoc|iPhone.ActiveCfg = Release|Any CPU
		{55B800F0-CA58-48ED-80F5-C87CA7F63346}.Ad-Hoc|iPhone.Build.0 = Release|Any CPU
		{55B800F0-CA58-48ED-80F5-C87CA7F63346}.Ad-Hoc|iPhoneSimulator.ActiveCfg = Release|Any CPU
		{55B800F0-CA58-48ED-80F5-C87CA7F63346}.Ad-Hoc|iPhoneSimulator.Build.0 = Release|Any CPU
		{55B800F0-CA58-48ED-80F5-C87CA7F63346}.AppStore|Any CPU.ActiveCfg = Release|Any CPU
		{55B800F0-CA58-48ED-80F5-C87CA7F63346}.AppStore|Any CPU.Build.0 = Release|Any CPU
		{55B800F0-CA58-48ED-80F5-C87CA7F63346}.AppStore|iPhone.ActiveCfg = Release|Any CPU
		{55B800F0-CA58-48ED-80F5-C87CA7F63346}.AppStore|iPhone.Build.0 = Release|Any CPU
		{55B800F0-CA58-48ED-80F5-C87CA7F63346}.AppStore|iPhoneSimulator.ActiveCfg = Release|Any CPU
		{55B800F0-CA58-48ED-80F5-C87CA7F63346}.AppStore|iPhoneSimulator.Build.0 = Release|Any CPU
		{55B800F0-CA58-48ED-80F5-C87CA7F63346}.Debug|Any CPU.ActiveCfg = Debug|Any CPU
		{55B800F0-CA58-48ED-80F5-C87CA7F63346}.Debug|Any CPU.Build.0 = Debug|Any CPU
		{55B800F0-CA58-48ED-80F5-C87CA7F63346}.Debug|iPhone.ActiveCfg = Debug|Any CPU
		{55B800F0-CA58-48ED-80F5-C87CA7F63346}.Debug|iPhone.Build.0 = Debug|Any CPU
		{55B800F0-CA58-48ED-80F5-C87CA7F63346}.Debug|iPhoneSimulator.ActiveCfg = Debug|Any CPU
		{55B800F0-CA58-48ED-80F5-C87CA7F63346}.Debug|iPhoneSimulator.Build.0 = Debug|Any CPU
		{55B800F0-CA58-48ED-80F5-C87CA7F63346}.Release|Any CPU.ActiveCfg = Release|Any CPU
		{55B800F0-CA58-48ED-80F5-C87CA7F63346}.Release|Any CPU.Build.0 = Release|Any CPU
		{55B800F0-CA58-48ED-80F5-C87CA7F63346}.Release|iPhone.ActiveCfg = Release|Any CPU
		{55B800F0-CA58-48ED-80F5-C87CA7F63346}.Release|iPhone.Build.0 = Release|Any CPU
		{55B800F0-CA58-48ED-80F5-C87CA7F63346}.Release|iPhoneSimulator.ActiveCfg = Release|Any CPU
		{55B800F0-CA58-48ED-80F5-C87CA7F63346}.Release|iPhoneSimulator.Build.0 = Release|Any CPU
		{26DABD96-0C04-4EAC-A59C-08AD59F6D9A2}.Ad-Hoc|Any CPU.ActiveCfg = Release|Any CPU
		{26DABD96-0C04-4EAC-A59C-08AD59F6D9A2}.Ad-Hoc|Any CPU.Build.0 = Release|Any CPU
		{26DABD96-0C04-4EAC-A59C-08AD59F6D9A2}.Ad-Hoc|iPhone.ActiveCfg = Release|Any CPU
		{26DABD96-0C04-4EAC-A59C-08AD59F6D9A2}.Ad-Hoc|iPhone.Build.0 = Release|Any CPU
		{26DABD96-0C04-4EAC-A59C-08AD59F6D9A2}.Ad-Hoc|iPhoneSimulator.ActiveCfg = Release|Any CPU
		{26DABD96-0C04-4EAC-A59C-08AD59F6D9A2}.Ad-Hoc|iPhoneSimulator.Build.0 = Release|Any CPU
		{26DABD96-0C04-4EAC-A59C-08AD59F6D9A2}.AppStore|Any CPU.ActiveCfg = Release|Any CPU
		{26DABD96-0C04-4EAC-A59C-08AD59F6D9A2}.AppStore|Any CPU.Build.0 = Release|Any CPU
		{26DABD96-0C04-4EAC-A59C-08AD59F6D9A2}.AppStore|iPhone.ActiveCfg = Release|Any CPU
		{26DABD96-0C04-4EAC-A59C-08AD59F6D9A2}.AppStore|iPhone.Build.0 = Release|Any CPU
		{26DABD96-0C04-4EAC-A59C-08AD59F6D9A2}.AppStore|iPhoneSimulator.ActiveCfg = Release|Any CPU
		{26DABD96-0C04-4EAC-A59C-08AD59F6D9A2}.AppStore|iPhoneSimulator.Build.0 = Release|Any CPU
		{26DABD96-0C04-4EAC-A59C-08AD59F6D9A2}.Debug|Any CPU.ActiveCfg = Debug|Any CPU
		{26DABD96-0C04-4EAC-A59C-08AD59F6D9A2}.Debug|Any CPU.Build.0 = Debug|Any CPU
		{26DABD96-0C04-4EAC-A59C-08AD59F6D9A2}.Debug|iPhone.ActiveCfg = Debug|Any CPU
		{26DABD96-0C04-4EAC-A59C-08AD59F6D9A2}.Debug|iPhone.Build.0 = Debug|Any CPU
		{26DABD96-0C04-4EAC-A59C-08AD59F6D9A2}.Debug|iPhoneSimulator.ActiveCfg = Debug|Any CPU
		{26DABD96-0C04-4EAC-A59C-08AD59F6D9A2}.Debug|iPhoneSimulator.Build.0 = Debug|Any CPU
		{26DABD96-0C04-4EAC-A59C-08AD59F6D9A2}.Release|Any CPU.ActiveCfg = Release|Any CPU
		{26DABD96-0C04-4EAC-A59C-08AD59F6D9A2}.Release|Any CPU.Build.0 = Release|Any CPU
		{26DABD96-0C04-4EAC-A59C-08AD59F6D9A2}.Release|iPhone.ActiveCfg = Release|Any CPU
		{26DABD96-0C04-4EAC-A59C-08AD59F6D9A2}.Release|iPhone.Build.0 = Release|Any CPU
		{26DABD96-0C04-4EAC-A59C-08AD59F6D9A2}.Release|iPhoneSimulator.ActiveCfg = Release|Any CPU
		{26DABD96-0C04-4EAC-A59C-08AD59F6D9A2}.Release|iPhoneSimulator.Build.0 = Release|Any CPU
	EndGlobalSection
	GlobalSection(SolutionProperties) = preSolution
		HideSolutionNode = FALSE
	EndGlobalSection
	GlobalSection(ExtensibilityGlobals) = postSolution
		SolutionGuid = {74CAD86B-E036-4DFD-92DE-2E9494DB4022}
	EndGlobalSection
EndGlobal
